# This file is automatically @generated by Cargo.
# It is not intended for manual editing.
[[package]]
name = "alice_rs"
version = "0.1.0"
dependencies = [
 "combine",
]

[[package]]
name = "bytes"
version = "0.5.6"
source = "registry+https://github.com/rust-lang/crates.io-index"
checksum = "0e4cec68f03f32e44924783795810fa50a7035d8c8ebe78580ad7e6c703fba38"

[[package]]
name = "combine"
version = "4.3.1"
source = "registry+https://github.com/rust-lang/crates.io-index"
checksum = "8aa333852c744df9b867733c71889e5120b55117b25ddc8a2d88dc5d9df5edea"
dependencies = [
 "bytes",
 "memchr",
 "pin-project-lite",
]

[[package]]
name = "memchr"
version = "2.3.3"
source = "registry+https://github.com/rust-lang/crates.io-index"
checksum = "3728d817d99e5ac407411fa471ff9800a778d88a24685968b36824eaf4bee400"

[[package]]
name = "pin-project-lite"
version = "0.1.7"
source = "registry+https://github.com/rust-lang/crates.io-index"
checksum = "282adbf10f2698a7a77f8e983a74b2d18176c19a7fd32a45446139ae7b02b715"
